
Microsoft Visual Studio Solution File, Format Version 12.00
# Visual Studio Version 17
VisualStudioVersion = 17.3.32901.215
MinimumVisualStudioVersion = 10.0.40219.1
Project("{FAE04EC0-301F-11D3-BF4B-00C04F79EFBC}") = "IrVS11", "Laba11\IrVS11.csproj", "{68F876A0-F633-4EDF-A9A4-F565655B1EA1}"
EndProject
Global
	GlobalSection(SolutionConfigurationPlatforms) = preSolution
		Debug|Any CPU = Debug|Any CPU
		Release|Any CPU = Release|Any CPU
	EndGlobalSection
	GlobalSection(ProjectConfigurationPlatforms) = postSolution
		{68F876A0-F633-4EDF-A9A4-F565655B1EA1}.Debug|Any CPU.ActiveCfg = Debug|Any CPU
		{68F876A0-F633-4EDF-A9A4-F565655B1EA1}.Debug|Any CPU.Build.0 = Debug|Any CPU
		{68F876A0-F633-4EDF-A9A4-F565655B1EA1}.Release|Any CPU.ActiveCfg = Release|Any CPU
		{68F876A0-F633-4EDF-A9A4-F565655B1EA1}.Release|Any CPU.Build.0 = Release|Any CPU
	EndGlobalSection
	GlobalSection(SolutionProperties) = preSolution
		HideSolutionNode = FALSE
	EndGlobalSection
	GlobalSection(ExtensibilityGlobals) = postSolution
		SolutionGuid = {2BB09199-119B-40D9-8E0E-5D9D509EE931}
	EndGlobalSection
EndGlobal
