
Microsoft Visual Studio Solution File, Format Version 12.00
# Visual Studio Version 17
VisualStudioVersion = 17.3.32901.215
MinimumVisualStudioVersion = 10.0.40219.1
Project("{FAE04EC0-301F-11D3-BF4B-00C04F79EFBC}") = "IrVS6", "IrVS6\IrVS6.csproj", "{DB27686F-4673-40C8-AED2-5BB8BE0B5D3A}"
EndProject
Global
	GlobalSection(SolutionConfigurationPlatforms) = preSolution
		Debug|Any CPU = Debug|Any CPU
		Release|Any CPU = Release|Any CPU
	EndGlobalSection
	GlobalSection(ProjectConfigurationPlatforms) = postSolution
		{DB27686F-4673-40C8-AED2-5BB8BE0B5D3A}.Debug|Any CPU.ActiveCfg = Debug|Any CPU
		{DB27686F-4673-40C8-AED2-5BB8BE0B5D3A}.Debug|Any CPU.Build.0 = Debug|Any CPU
		{DB27686F-4673-40C8-AED2-5BB8BE0B5D3A}.Release|Any CPU.ActiveCfg = Release|Any CPU
		{DB27686F-4673-40C8-AED2-5BB8BE0B5D3A}.Release|Any CPU.Build.0 = Release|Any CPU
	EndGlobalSection
	GlobalSection(SolutionProperties) = preSolution
		HideSolutionNode = FALSE
	EndGlobalSection
	GlobalSection(ExtensibilityGlobals) = postSolution
		SolutionGuid = {EBF84A6D-F53D-4E26-B086-1F6B0E71FC36}
	EndGlobalSection
EndGlobal
